
Microsoft Visual Studio Solution File, Format Version 12.00
# Visual Studio Version 17
VisualStudioVersion = 17.9.34701.34
MinimumVisualStudioVersion = 10.0.40219.1
Project("{FAE04EC0-301F-11D3-BF4B-00C04F79EFBC}") = "MvcMovie", "MvcMovie\MvcMovie.csproj", "{B912EBB2-FABD-4DAB-9AC8-A81B7FFBE138}"
EndProject
Global
	GlobalSection(SolutionConfigurationPlatforms) = preSolution
		Debug|Any CPU = Debug|Any CPU
		Release|Any CPU = Release|Any CPU
	EndGlobalSection
	GlobalSection(ProjectConfigurationPlatforms) = postSolution
		{B912EBB2-FABD-4DAB-9AC8-A81B7FFBE138}.Debug|Any CPU.ActiveCfg = Debug|Any CPU
		{B912EBB2-FABD-4DAB-9AC8-A81B7FFBE138}.Debug|Any CPU.Build.0 = Debug|Any CPU
		{B912EBB2-FABD-4DAB-9AC8-A81B7FFBE138}.Release|Any CPU.ActiveCfg = Release|Any CPU
		{B912EBB2-FABD-4DAB-9AC8-A81B7FFBE138}.Release|Any CPU.Build.0 = Release|Any CPU
	EndGlobalSection
	GlobalSection(SolutionProperties) = preSolution
		HideSolutionNode = FALSE
	EndGlobalSection
	GlobalSection(ExtensibilityGlobals) = postSolution
		SolutionGuid = {8EEBC769-25F3-4978-96D1-00FDBEFE408B}
	EndGlobalSection
EndGlobal
